
Microsoft Visual Studio Solution File, Format Version 12.00
# Visual Studio Version 17
VisualStudioVersion = 17.2.32616.157
MinimumVisualStudioVersion = 10.0.40219.1
Project("{FAE04EC0-301F-11D3-BF4B-00C04F79EFBC}") = "MisosLabReportGenerator", "MisosLabReportGenerator\MisosLabReportGenerator.csproj", "{BFA36CD5-EADA-4BF2-9C7F-F2708BA76ABF}"
EndProject
Global
	GlobalSection(SolutionConfigurationPlatforms) = preSolution
		Debug|Any CPU = Debug|Any CPU
		Release|Any CPU = Release|Any CPU
	EndGlobalSection
	GlobalSection(ProjectConfigurationPlatforms) = postSolution
		{BFA36CD5-EADA-4BF2-9C7F-F2708BA76ABF}.Debug|Any CPU.ActiveCfg = Debug|Any CPU
		{BFA36CD5-EADA-4BF2-9C7F-F2708BA76ABF}.Debug|Any CPU.Build.0 = Debug|Any CPU
		{BFA36CD5-EADA-4BF2-9C7F-F2708BA76ABF}.Release|Any CPU.ActiveCfg = Release|Any CPU
		{BFA36CD5-EADA-4BF2-9C7F-F2708BA76ABF}.Release|Any CPU.Build.0 = Release|Any CPU
	EndGlobalSection
	GlobalSection(SolutionProperties) = preSolution
		HideSolutionNode = FALSE
	EndGlobalSection
	GlobalSection(ExtensibilityGlobals) = postSolution
		SolutionGuid = {E54883B6-B43E-4192-8099-04CF569A09B1}
	EndGlobalSection
EndGlobal
